
Microsoft Visual Studio Solution File, Format Version 12.00
# Visual Studio Version 17
VisualStudioVersion = 17.0.32014.148
MinimumVisualStudioVersion = 10.0.40219.1
Project("{FAE04EC0-301F-11D3-BF4B-00C04F79EFBC}") = "OnPaymentReceived", "OnPaymentReceived\OnPaymentReceived.csproj", "{A40925CE-571E-41F7-9A0E-EBEEA1AB2A8C}"
EndProject
Project("{FAE04EC0-301F-11D3-BF4B-00C04F79EFBC}") = "GenerateLicenseFile", "GenerateLicenseFile\GenerateLicenseFile.csproj", "{B1EEF676-FA37-49D8-81C2-2BE1D090BC0F}"
EndProject
Project("{FAE04EC0-301F-11D3-BF4B-00C04F79EFBC}") = "PaymentService.Shared", "PaymentService.Shared\PaymentService.Shared.csproj", "{89C92BF1-1120-4031-8076-225B1DF5B9C1}"
EndProject
Global
	GlobalSection(SolutionConfigurationPlatforms) = preSolution
		Debug|Any CPU = Debug|Any CPU
		Release|Any CPU = Release|Any CPU
	EndGlobalSection
	GlobalSection(ProjectConfigurationPlatforms) = postSolution
		{A40925CE-571E-41F7-9A0E-EBEEA1AB2A8C}.Debug|Any CPU.ActiveCfg = Debug|Any CPU
		{A40925CE-571E-41F7-9A0E-EBEEA1AB2A8C}.Debug|Any CPU.Build.0 = Debug|Any CPU
		{A40925CE-571E-41F7-9A0E-EBEEA1AB2A8C}.Release|Any CPU.ActiveCfg = Release|Any CPU
		{A40925CE-571E-41F7-9A0E-EBEEA1AB2A8C}.Release|Any CPU.Build.0 = Release|Any CPU
		{B1EEF676-FA37-49D8-81C2-2BE1D090BC0F}.Debug|Any CPU.ActiveCfg = Debug|Any CPU
		{B1EEF676-FA37-49D8-81C2-2BE1D090BC0F}.Debug|Any CPU.Build.0 = Debug|Any CPU
		{B1EEF676-FA37-49D8-81C2-2BE1D090BC0F}.Release|Any CPU.ActiveCfg = Release|Any CPU
		{B1EEF676-FA37-49D8-81C2-2BE1D090BC0F}.Release|Any CPU.Build.0 = Release|Any CPU
		{89C92BF1-1120-4031-8076-225B1DF5B9C1}.Debug|Any CPU.ActiveCfg = Debug|Any CPU
		{89C92BF1-1120-4031-8076-225B1DF5B9C1}.Debug|Any CPU.Build.0 = Debug|Any CPU
		{89C92BF1-1120-4031-8076-225B1DF5B9C1}.Release|Any CPU.ActiveCfg = Release|Any CPU
		{89C92BF1-1120-4031-8076-225B1DF5B9C1}.Release|Any CPU.Build.0 = Release|Any CPU
	EndGlobalSection
	GlobalSection(SolutionProperties) = preSolution
		HideSolutionNode = FALSE
	EndGlobalSection
	GlobalSection(ExtensibilityGlobals) = postSolution
		SolutionGuid = {DD869137-60E1-4093-9B75-EC0A786A4727}
	EndGlobalSection
EndGlobal
